{
  "name": "@shapeshift-labs/frontier-lang-html",
  "version": "0.1.30",
  "lockfileVersion": 3,
  "requires": true,
  "packages": {
    "": {
      "name": "@shapeshift-labs/frontier-lang-html",
      "version": "0.1.30",
      "license": "MIT",
      "dependencies": {
        "@shapeshift-labs/frontier-lang-kernel": "0.3.12",
        "@shapeshift-labs/frontier-runtime-proof": "0.1.6",
        "parse5": "^8.0.1"
      },
      "devDependencies": {
        "typescript": "^5.9.3"
      }
    },
    "node_modules/@shapeshift-labs/frontier-lang-kernel": {
      "version": "0.3.12",
      "resolved": "https://registry.npmjs.org/@shapeshift-labs/frontier-lang-kernel/-/frontier-lang-kernel-0.3.12.tgz",
      "integrity": "sha512-A7qFH4A5ywTOsnyL4NwZC9ipZIV/YLTewOASmkc7vmoXgNn9k0/CTrq4wFMaCPTBSk38R4PP2a24qjL/wVGibw==",
      "license": "MIT"
    },
    "node_modules/@shapeshift-labs/frontier-runtime-proof": {
      "version": "0.1.6",
      "resolved": "https://registry.npmjs.org/@shapeshift-labs/frontier-runtime-proof/-/frontier-runtime-proof-0.1.6.tgz",
      "integrity": "sha512-qW+8DSUU+t80AwTY2UlstX99726iZjN4UOvUMasouoTOKiYBPSrDs3ZCd37VkPFKS+Xmglx8aQVS5hmqZ37SvQ==",
      "license": "MIT",
      "engines": {
        "node": ">=18"
      }
    },
    "node_modules/entities": {
      "version": "8.0.0",
      "resolved": "https://registry.npmjs.org/entities/-/entities-8.0.0.tgz",
      "integrity": "sha512-zwfzJecQ/Uej6tusMqwAqU/6KL2XaB2VZ2Jg54Je6ahNBGNH6Ek6g3jjNCF0fG9EWQKGZNddNjU5F1ZQn/sBnA==",
      "license": "BSD-2-Clause",
      "engines": {
        "node": ">=20.19.0"
      },
      "funding": {
        "url": "https://github.com/fb55/entities?sponsor=1"
      }
    },
    "node_modules/parse5": {
      "version": "8.0.1",
      "resolved": "https://registry.npmjs.org/parse5/-/parse5-8.0.1.tgz",
      "integrity": "sha512-z1e/HMG90obSGeidlli3hj7cbocou0/wa5HacvI3ASx34PecNjNQeaHNo5WIZpWofN9kgkqV1q5YvXe3F0FoPw==",
      "license": "MIT",
      "dependencies": {
        "entities": "^8.0.0"
      },
      "funding": {
        "url": "https://github.com/inikulin/parse5?sponsor=1"
      }
    },
    "node_modules/typescript": {
      "version": "5.9.3",
      "resolved": "https://registry.npmjs.org/typescript/-/typescript-5.9.3.tgz",
      "integrity": "sha512-jl1vZzPDinLr9eUt3J/t7V6FgNEw9QjvBPdysz9KfQDD41fQrC2Y4vKQdiaUpFT4bXlb1RHhLpp8wtm6M5TgSw==",
      "dev": true,
      "license": "Apache-2.0",
      "bin": {
        "tsc": "bin/tsc",
        "tsserver": "bin/tsserver"
      },
      "engines": {
        "node": ">=14.17"
      }
    }
  }
}
